{
  "requires": true,
  "lockfileVersion": 1,
  "dependencies": {
    "@types/jquery": {
      "version": "3.3.17",
      "resolved": "https://registry.npmjs.org/@types/jquery/-/jquery-3.3.17.tgz",
      "integrity": "sha512-4KeUvF8TCKc6akcKVqS8ld0nY4uILk1wBdK6/2Zlz3AjNNXhVimVL04X+sAIgm+c3Wy2KNXI0ANXFkezMNSq5Q==",
      "requires": {
        "@types/sizzle": "2.3.2"
      }
    },
    "@types/sizzle": {
      "version": "2.3.2",
      "resolved": "https://registry.npmjs.org/@types/sizzle/-/sizzle-2.3.2.tgz",
      "integrity": "sha512-7EJYyKTL7tFR8+gDbB6Wwz/arpGa0Mywk1TJbNzKzHtzbwVmY4HR9WqS5VV7dsBUKQmPNr192jHr/VpBluj/hg=="
    }
  }
}
